PODS:
  - MFSCache (2.0.0):
    - MFSJSONEntity
  - MFSJSONEntity (1.0.6)

DEPENDENCIES:
  - MFSCache

SPEC CHECKSUMS:
  MFSCache: '0912a5ef83b35d9e318f22e20e383baff21637f4'
  MFSJSONEntity: 87c9404c87cb499de26b061f3c985eb7808bef73

PODFILE CHECKSUM: 9f265b58d56128abe20030a14e74eb1d77f89ff4

COCOAPODS: 1.2.1
