PODS:
  - MFSCache (2.0.0):
    - MFSJSONEntity
  - MFSJSONEntity (1.0.6)

DEPENDENCIES:
  - MFSCache

SPEC CHECKSUMS:
  MFSCache: '0912a5ef83b35d9e318f22e20e383baff21637f4'
  MFSJSONEntity: 87c9404c87cb499de26b061f3c985eb7808bef73

PODFILE CHECKSUM: 8dc8e3ee92300e1d2178b668c6c1af5ea7cbcca4

COCOAPODS: 1.2.1
